
Microsoft Visual Studio Solution File, Format Version 12.00
Project("{FAE04EC0-301F-11D3-BF4B-00C04F79EFBC}") = "Inc.TeamAssistant.Gateway", "src\Inc.TeamAssistant.Gateway\Inc.TeamAssistant.Gateway.csproj", "{61649230-BDDC-4916-BD91-76125E1297C3}"
EndProject
Project("{FAE04EC0-301F-11D3-BF4B-00C04F79EFBC}") = "Inc.TeamAssistant.Appraiser.Domain", "src\Inc.TeamAssistant.Appraiser.Domain\Inc.TeamAssistant.Appraiser.Domain.csproj", "{9F662515-1BAD-4BCC-B8EC-184124B163C4}"
EndProject
Project("{FAE04EC0-301F-11D3-BF4B-00C04F79EFBC}") = "Inc.TeamAssistant.Appraiser.Application", "src\Inc.TeamAssistant.Appraiser.Application\Inc.TeamAssistant.Appraiser.Application.csproj", "{33B4F8C6-954D-4DB7-9B36-A361D3AE867C}"
EndProject
Project("{2150E333-8FDC-42A3-9474-1A3956D46DE8}") = "checkin", "checkin", "{15DCF7E1-1D36-4C21-A623-35A1D037A4DA}"
EndProject
Project("{2150E333-8FDC-42A3-9474-1A3956D46DE8}") = "frontend", "frontend", "{8285EFA4-C244-455D-94D1-86994A904BFF}"
EndProject


Project("{2150E333-8FDC-42A3-9474-1A3956D46DE8}") = "tests", "tests", "{1943C11E-7A4A-4300-BDC1-DA333BD3EBED}"
EndProject
Project("{2150E333-8FDC-42A3-9474-1A3956D46DE8}") = "appraiser", "appraiser", "{BF819FCA-A383-4283-B680-4B80B7B5CA32}"
EndProject
Project("{FAE04EC0-301F-11D3-BF4B-00C04F79EFBC}") = "Inc.TeamAssistant.Appraiser.Model", "src\Inc.TeamAssistant.Appraiser.Model\Inc.TeamAssistant.Appraiser.Model.csproj", "{B9C88CA2-123E-4D55-A931-91B0CFA08447}"
EndProject
Project("{2150E333-8FDC-42A3-9474-1A3956D46DE8}") = "src", "src", "{73CA6C4E-FE60-4BEF-9902-FFA9241616F9}"
EndProject
Project("{FAE04EC0-301F-11D3-BF4B-00C04F79EFBC}") = "Inc.TeamAssistant.Appraiser.DataAccess", "src\Inc.TeamAssistant.Appraiser.DataAccess\Inc.TeamAssistant.Appraiser.DataAccess.csproj", "{BCAEF60E-28CD-4315-8A95-2737F4FC18B1}"
EndProject
Project("{FAE04EC0-301F-11D3-BF4B-00C04F79EFBC}") = "Inc.TeamAssistant.Migrations", "src\Inc.TeamAssistant.Migrations\Inc.TeamAssistant.Migrations.csproj", "{6E3EBCF7-4BA6-4635-B242-D5812775301C}"
EndProject
Project("{2150E333-8FDC-42A3-9474-1A3956D46DE8}") = "migrations", "migrations", "{7683BC47-3CD1-4F24-8571-EF8E61340045}"
EndProject
Project("{FAE04EC0-301F-11D3-BF4B-00C04F79EFBC}") = "Inc.TeamAssistant.MigrationsRunner", "src\Inc.TeamAssistant.MigrationsRunner\Inc.TeamAssistant.MigrationsRunner.csproj", "{AD512F03-E2F2-49A2-BA51-54845B229B9E}"
EndProject
Project("{9A19103F-16F7-4668-BE54-9A1E7A4F7556}") = "_build", "build\_build.csproj", "{85267DA4-474D-48B5-AD01-A3BCF5695CB7}"
EndProject
Project("{FAE04EC0-301F-11D3-BF4B-00C04F79EFBC}") = "Inc.TeamAssistant.PrimitivesTests", "tests\Inc.TeamAssistant.PrimitivesTests\Inc.TeamAssistant.PrimitivesTests.csproj", "{EDDAA1F7-5B38-4932-9FCE-05486134097D}"
EndProject
Project("{FAE04EC0-301F-11D3-BF4B-00C04F79EFBC}") = "Inc.TeamAssistant.CheckIn.Application", "src\Inc.TeamAssistant.CheckIn.Application\Inc.TeamAssistant.CheckIn.Application.csproj", "{16408C70-078E-4322-970D-1964C9608158}"
EndProject
Project("{FAE04EC0-301F-11D3-BF4B-00C04F79EFBC}") = "Inc.TeamAssistant.Reviewer.Application", "src\Inc.TeamAssistant.Reviewer.Application\Inc.TeamAssistant.Reviewer.Application.csproj", "{23EF103D-FA94-40EA-BB7E-F3387D15E6A1}"
EndProject
Project("{2150E333-8FDC-42A3-9474-1A3956D46DE8}") = "reviewer", "reviewer", "{70E979AF-B6E2-4044-9161-91FA02A2644F}"
EndProject
Project("{FAE04EC0-301F-11D3-BF4B-00C04F79EFBC}") = "Inc.TeamAssistant.WebUI", "src\Inc.TeamAssistant.WebUI\Inc.TeamAssistant.WebUI.csproj", "{642949CD-0C5B-4596-9165-A7338DE1D88F}"
EndProject
Project("{FAE04EC0-301F-11D3-BF4B-00C04F79EFBC}") = "Inc.TeamAssistant.Reviewer.DomainTests", "tests\Inc.TeamAssistant.Reviewer.DomainTests\Inc.TeamAssistant.Reviewer.DomainTests.csproj", "{428A2391-4DEB-40AF-9591-D8BA7123429F}"
EndProject
Project("{FAE04EC0-301F-11D3-BF4B-00C04F79EFBC}") = "Inc.TeamAssistant.CheckIn.Domain", "src\Inc.TeamAssistant.CheckIn.Domain\Inc.TeamAssistant.CheckIn.Domain.csproj", "{09877689-83E7-4BBB-ABE8-6DDB59E09BCA}"
EndProject
Project("{FAE04EC0-301F-11D3-BF4B-00C04F79EFBC}") = "Inc.TeamAssistant.CheckIn.DataAccess", "src\Inc.TeamAssistant.CheckIn.DataAccess\Inc.TeamAssistant.CheckIn.DataAccess.csproj", "{FAD42E3A-8AD4-4FF2-B94D-25921937033B}"
EndProject
Project("{FAE04EC0-301F-11D3-BF4B-00C04F79EFBC}") = "Inc.TeamAssistant.CheckIn.Model", "src\Inc.TeamAssistant.CheckIn.Model\Inc.TeamAssistant.CheckIn.Model.csproj", "{9A44D500-411B-46B9-90CB-FC220F9BB5F7}"
EndProject
Project("{2150E333-8FDC-42A3-9474-1A3956D46DE8}") = "common", "common", "{2819C5EE-D36B-4BE5-95D3-80BF8869051D}"
EndProject
Project("{FAE04EC0-301F-11D3-BF4B-00C04F79EFBC}") = "Inc.TeamAssistant.Primitives", "src\Inc.TeamAssistant.Primitives\Inc.TeamAssistant.Primitives.csproj", "{CA295F9A-5F4D-4616-992A-340A8C0A0D9A}"
EndProject
Project("{FAE04EC0-301F-11D3-BF4B-00C04F79EFBC}") = "Inc.TeamAssistant.Holidays", "src\Inc.TeamAssistant.Holidays\Inc.TeamAssistant.Holidays.csproj", "{2A6D584C-D381-4405-9DDD-51D5AEF6AC2E}"
EndProject
Project("{FAE04EC0-301F-11D3-BF4B-00C04F79EFBC}") = "Inc.TeamAssistant.HolidaysTests", "tests\Inc.TeamAssistant.HolidaysTests\Inc.TeamAssistant.HolidaysTests.csproj", "{39417B68-C33C-411E-8478-DD9C081A640A}"
EndProject
Project("{FAE04EC0-301F-11D3-BF4B-00C04F79EFBC}") = "Inc.TeamAssistant.Reviewer.Domain", "src\Inc.TeamAssistant.Reviewer.Domain\Inc.TeamAssistant.Reviewer.Domain.csproj", "{529CC802-3552-4381-8D22-872890CC6A9E}"
EndProject
Project("{FAE04EC0-301F-11D3-BF4B-00C04F79EFBC}") = "Inc.TeamAssistant.Reviewer.DataAccess", "src\Inc.TeamAssistant.Reviewer.DataAccess\Inc.TeamAssistant.Reviewer.DataAccess.csproj", "{0BCBE76B-F740-44AE-8D47-5DD735EA6F3D}"
EndProject
Project("{FAE04EC0-301F-11D3-BF4B-00C04F79EFBC}") = "Inc.TeamAssistant.Reviewer.Model", "src\Inc.TeamAssistant.Reviewer.Model\Inc.TeamAssistant.Reviewer.Model.csproj", "{CC45D751-DEF6-47A9-BBB3-9F46AA1F2A18}"
EndProject
Project("{2150E333-8FDC-42A3-9474-1A3956D46DE8}") = "connector", "connector", "{533DB9B2-8423-4379-9B57-AE87EC9091D0}"
EndProject
Project("{FAE04EC0-301F-11D3-BF4B-00C04F79EFBC}") = "Inc.TeamAssistant.Connector.Application", "src\Inc.TeamAssistant.Connector.Application\Inc.TeamAssistant.Connector.Application.csproj", "{6D88ACED-9750-402F-AFDF-61A5E8478961}"
EndProject
Project("{FAE04EC0-301F-11D3-BF4B-00C04F79EFBC}") = "Inc.TeamAssistant.Connector.Domain", "src\Inc.TeamAssistant.Connector.Domain\Inc.TeamAssistant.Connector.Domain.csproj", "{27B45834-FCB5-46FE-999A-A6B12F69ACF2}"
EndProject
Project("{FAE04EC0-301F-11D3-BF4B-00C04F79EFBC}") = "Inc.TeamAssistant.Connector.DataAccess", "src\Inc.TeamAssistant.Connector.DataAccess\Inc.TeamAssistant.Connector.DataAccess.csproj", "{1960CAA3-ACB5-4299-8B65-F764BDFF32FC}"
EndProject
Project("{FAE04EC0-301F-11D3-BF4B-00C04F79EFBC}") = "Inc.TeamAssistant.Connector.Model", "src\Inc.TeamAssistant.Connector.Model\Inc.TeamAssistant.Connector.Model.csproj", "{066637C7-22D8-4F1F-A2F2-ADDDC363D011}"
EndProject
Project("{2150E333-8FDC-42A3-9474-1A3956D46DE8}") = "random_coffee", "random_coffee", "{E4CE310E-9552-45F5-85EE-6B95A198AF92}"
EndProject
Project("{FAE04EC0-301F-11D3-BF4B-00C04F79EFBC}") = "Inc.TeamAssistant.RandomCoffee.Domain", "src\Inc.TeamAssistant.RandomCoffee.Domain\Inc.TeamAssistant.RandomCoffee.Domain.csproj", "{1A58B19C-8A64-4D73-947E-8BB53903949A}"
EndProject
Project("{FAE04EC0-301F-11D3-BF4B-00C04F79EFBC}") = "Inc.TeamAssistant.RandomCoffee.Model", "src\Inc.TeamAssistant.RandomCoffee.Model\Inc.TeamAssistant.RandomCoffee.Model.csproj", "{67DFA2F1-1755-4377-B3E8-3D6B8D708C93}"
EndProject
Project("{FAE04EC0-301F-11D3-BF4B-00C04F79EFBC}") = "Inc.TeamAssistant.RandomCoffee.DataAccess", "src\Inc.TeamAssistant.RandomCoffee.DataAccess\Inc.TeamAssistant.RandomCoffee.DataAccess.csproj", "{A8D82085-422F-4AC4-B140-43E2F8F36282}"
EndProject
Project("{FAE04EC0-301F-11D3-BF4B-00C04F79EFBC}") = "Inc.TeamAssistant.RandomCoffee.Application", "src\Inc.TeamAssistant.RandomCoffee.Application\Inc.TeamAssistant.RandomCoffee.Application.csproj", "{4A95D04C-E4DF-41AB-9BD6-0604C9ED450E}"
EndProject
Project("{FAE04EC0-301F-11D3-BF4B-00C04F79EFBC}") = "Inc.TeamAssistant.RandomCoffee.DomainTests", "tests\Inc.TeamAssistant.RandomCoffee.DomainTests\Inc.TeamAssistant.RandomCoffee.DomainTests.csproj", "{F4F1844A-08C2-48E9-882B-84FF0FF3D580}"
EndProject
Project("{FAE04EC0-301F-11D3-BF4B-00C04F79EFBC}") = "Inc.TeamAssistant.Primitives.DataAccess", "src\Inc.TeamAssistant.Primitives.DataAccess\Inc.TeamAssistant.Primitives.DataAccess.csproj", "{57CC62E3-FF11-4A74-AED0-6DFCF249A3AB}"
EndProject
Project("{2150E333-8FDC-42A3-9474-1A3956D46DE8}") = "constructor", "constructor", "{406F731E-8D99-4D37-88F1-EE5D38C54662}"
EndProject
Project("{FAE04EC0-301F-11D3-BF4B-00C04F79EFBC}") = "Inc.TeamAssistant.Constructor.Model", "src\Inc.TeamAssistant.Constructor.Model\Inc.TeamAssistant.Constructor.Model.csproj", "{773DB266-C8B5-4102-AB8F-56E6AD1E018B}"
EndProject
Project("{FAE04EC0-301F-11D3-BF4B-00C04F79EFBC}") = "Inc.TeamAssistant.Constructor.Domain", "src\Inc.TeamAssistant.Constructor.Domain\Inc.TeamAssistant.Constructor.Domain.csproj", "{8B745884-0474-47A7-A1B8-D21F4B819075}"
EndProject
Project("{FAE04EC0-301F-11D3-BF4B-00C04F79EFBC}") = "Inc.TeamAssistant.Constructor.DataAccess", "src\Inc.TeamAssistant.Constructor.DataAccess\Inc.TeamAssistant.Constructor.DataAccess.csproj", "{98154587-A8B7-4A69-A301-1EADC4549067}"
EndProject
Project("{FAE04EC0-301F-11D3-BF4B-00C04F79EFBC}") = "Inc.TeamAssistant.Constructor.Application", "src\Inc.TeamAssistant.Constructor.Application\Inc.TeamAssistant.Constructor.Application.csproj", "{E9547AEE-D2E2-4550-B95B-DFB1C0D7FFE8}"
EndProject
Project("{FAE04EC0-301F-11D3-BF4B-00C04F79EFBC}") = "Inc.TeamAssistant.Reviewer.ApplicationTests", "tests\Inc.TeamAssistant.Reviewer.ApplicationTests\Inc.TeamAssistant.Reviewer.ApplicationTests.csproj", "{504EF63F-2C47-44FC-BB22-F199C7DF7251}"
EndProject
Project("{FAE04EC0-301F-11D3-BF4B-00C04F79EFBC}") = "Inc.TeamAssistant.CheckIn.Geo", "src\Inc.TeamAssistant.CheckIn.Geo\Inc.TeamAssistant.CheckIn.Geo.csproj", "{41B5195D-3C81-4501-9278-57FA95F973FD}"
EndProject
Project("{FAE04EC0-301F-11D3-BF4B-00C04F79EFBC}") = "Inc.TeamAssistant.Stories", "src\Inc.TeamAssistant.Stories\Inc.TeamAssistant.Stories.csproj", "{DA961B87-B9F3-4A4E-8C2B-F91101FB07CB}"
EndProject
Project("{FAE04EC0-301F-11D3-BF4B-00C04F79EFBC}") = "Inc.TeamAssistant.Connector.ApplicationTests", "tests\Inc.TeamAssistant.Connector.ApplicationTests\Inc.TeamAssistant.Connector.ApplicationTests.csproj", "{DC8CE5DD-1854-4760-99E0-D35F221ABF21}"
EndProject
Project("{2150E333-8FDC-42A3-9474-1A3956D46DE8}") = "tenants", "tenants", "{DC14F208-45B0-43D1-8FB8-E841A282F892}"
EndProject
Project("{FAE04EC0-301F-11D3-BF4B-00C04F79EFBC}") = "Inc.TeamAssistant.Tenants.Model", "src\Inc.TeamAssistant.Tenants.Model\Inc.TeamAssistant.Tenants.Model.csproj", "{4F416B99-4123-4550-838D-118D5D525FB2}"
EndProject
Project("{FAE04EC0-301F-11D3-BF4B-00C04F79EFBC}") = "Inc.TeamAssistant.Tenants.Application", "src\Inc.TeamAssistant.Tenants.Application\Inc.TeamAssistant.Tenants.Application.csproj", "{1E381765-4E97-4B5F-A5C8-B728BD48A8EA}"
EndProject
Project("{FAE04EC0-301F-11D3-BF4B-00C04F79EFBC}") = "Inc.TeamAssistant.Tenants.Domain", "src\Inc.TeamAssistant.Tenants.Domain\Inc.TeamAssistant.Tenants.Domain.csproj", "{E0D91EDC-CF02-497A-9A79-FFA7419E5351}"
EndProject
Project("{FAE04EC0-301F-11D3-BF4B-00C04F79EFBC}") = "Inc.TeamAssistant.Tenants.DataAccess", "src\Inc.TeamAssistant.Tenants.DataAccess\Inc.TeamAssistant.Tenants.DataAccess.csproj", "{7EE61B5E-946E-4CC8-88DC-03AF7A5863BE}"
EndProject
Project("{2150E333-8FDC-42A3-9474-1A3956D46DE8}") = "retro", "retro", "{5966231C-0B4B-42A1-BE0E-BC542904E78B}"
EndProject
Project("{FAE04EC0-301F-11D3-BF4B-00C04F79EFBC}") = "Inc.TeamAssistant.Retro.Model", "src\Inc.TeamAssistant.Retro.Model\Inc.TeamAssistant.Retro.Model.csproj", "{FE2DB8ED-CD32-400F-AB5C-CC79E88A3A92}"
EndProject
Project("{FAE04EC0-301F-11D3-BF4B-00C04F79EFBC}") = "Inc.TeamAssistant.Retro.Domain", "src\Inc.TeamAssistant.Retro.Domain\Inc.TeamAssistant.Retro.Domain.csproj", "{E451C1D4-E62C-4B26-9598-51E5C7E49A88}"
EndProject
Project("{FAE04EC0-301F-11D3-BF4B-00C04F79EFBC}") = "Inc.TeamAssistant.Retro.Application", "src\Inc.TeamAssistant.Retro.Application\Inc.TeamAssistant.Retro.Application.csproj", "{79FF3CBF-12F0-4948-94FB-B4F4DD7E9666}"
EndProject
Project("{FAE04EC0-301F-11D3-BF4B-00C04F79EFBC}") = "Inc.TeamAssistant.Retro.DataAccess", "src\Inc.TeamAssistant.Retro.DataAccess\Inc.TeamAssistant.Retro.DataAccess.csproj", "{8D53011D-D67E-4BA6-9E9C-E85A0624D988}"
EndProject
Global
	GlobalSection(SolutionConfigurationPlatforms) = preSolution
		Debug|Any CPU = Debug|Any CPU
		Release|Any CPU = Release|Any CPU
	EndGlobalSection
	GlobalSection(ProjectConfigurationPlatforms) = postSolution
		{85267DA4-474D-48B5-AD01-A3BCF5695CB7}.Debug|Any CPU.ActiveCfg = Debug|Any CPU
		{85267DA4-474D-48B5-AD01-A3BCF5695CB7}.Release|Any CPU.ActiveCfg = Release|Any CPU
		{61649230-BDDC-4916-BD91-76125E1297C3}.Debug|Any CPU.ActiveCfg = Debug|Any CPU
		{61649230-BDDC-4916-BD91-76125E1297C3}.Debug|Any CPU.Build.0 = Debug|Any CPU
		{61649230-BDDC-4916-BD91-76125E1297C3}.Release|Any CPU.ActiveCfg = Release|Any CPU
		{61649230-BDDC-4916-BD91-76125E1297C3}.Release|Any CPU.Build.0 = Release|Any CPU
		{9F662515-1BAD-4BCC-B8EC-184124B163C4}.Debug|Any CPU.ActiveCfg = Debug|Any CPU
		{9F662515-1BAD-4BCC-B8EC-184124B163C4}.Debug|Any CPU.Build.0 = Debug|Any CPU
		{9F662515-1BAD-4BCC-B8EC-184124B163C4}.Release|Any CPU.ActiveCfg = Release|Any CPU
		{9F662515-1BAD-4BCC-B8EC-184124B163C4}.Release|Any CPU.Build.0 = Release|Any CPU
		{33B4F8C6-954D-4DB7-9B36-A361D3AE867C}.Debug|Any CPU.ActiveCfg = Debug|Any CPU
		{33B4F8C6-954D-4DB7-9B36-A361D3AE867C}.Debug|Any CPU.Build.0 = Debug|Any CPU
		{33B4F8C6-954D-4DB7-9B36-A361D3AE867C}.Release|Any CPU.ActiveCfg = Release|Any CPU
		{33B4F8C6-954D-4DB7-9B36-A361D3AE867C}.Release|Any CPU.Build.0 = Release|Any CPU
		{B9C88CA2-123E-4D55-A931-91B0CFA08447}.Debug|Any CPU.ActiveCfg = Debug|Any CPU
		{B9C88CA2-123E-4D55-A931-91B0CFA08447}.Debug|Any CPU.Build.0 = Debug|Any CPU
		{B9C88CA2-123E-4D55-A931-91B0CFA08447}.Release|Any CPU.ActiveCfg = Release|Any CPU
		{B9C88CA2-123E-4D55-A931-91B0CFA08447}.Release|Any CPU.Build.0 = Release|Any CPU
		{BCAEF60E-28CD-4315-8A95-2737F4FC18B1}.Debug|Any CPU.ActiveCfg = Debug|Any CPU
		{BCAEF60E-28CD-4315-8A95-2737F4FC18B1}.Debug|Any CPU.Build.0 = Debug|Any CPU
		{BCAEF60E-28CD-4315-8A95-2737F4FC18B1}.Release|Any CPU.ActiveCfg = Release|Any CPU
		{BCAEF60E-28CD-4315-8A95-2737F4FC18B1}.Release|Any CPU.Build.0 = Release|Any CPU
		{6E3EBCF7-4BA6-4635-B242-D5812775301C}.Debug|Any CPU.ActiveCfg = Debug|Any CPU
		{6E3EBCF7-4BA6-4635-B242-D5812775301C}.Debug|Any CPU.Build.0 = Debug|Any CPU
		{6E3EBCF7-4BA6-4635-B242-D5812775301C}.Release|Any CPU.ActiveCfg = Release|Any CPU
		{6E3EBCF7-4BA6-4635-B242-D5812775301C}.Release|Any CPU.Build.0 = Release|Any CPU
		{AD512F03-E2F2-49A2-BA51-54845B229B9E}.Debug|Any CPU.ActiveCfg = Debug|Any CPU
		{AD512F03-E2F2-49A2-BA51-54845B229B9E}.Debug|Any CPU.Build.0 = Debug|Any CPU
		{AD512F03-E2F2-49A2-BA51-54845B229B9E}.Release|Any CPU.ActiveCfg = Release|Any CPU
		{AD512F03-E2F2-49A2-BA51-54845B229B9E}.Release|Any CPU.Build.0 = Release|Any CPU
		{EDDAA1F7-5B38-4932-9FCE-05486134097D}.Debug|Any CPU.ActiveCfg = Debug|Any CPU
		{EDDAA1F7-5B38-4932-9FCE-05486134097D}.Debug|Any CPU.Build.0 = Debug|Any CPU
		{EDDAA1F7-5B38-4932-9FCE-05486134097D}.Release|Any CPU.ActiveCfg = Release|Any CPU
		{EDDAA1F7-5B38-4932-9FCE-05486134097D}.Release|Any CPU.Build.0 = Release|Any CPU
		{16408C70-078E-4322-970D-1964C9608158}.Debug|Any CPU.ActiveCfg = Debug|Any CPU
		{16408C70-078E-4322-970D-1964C9608158}.Debug|Any CPU.Build.0 = Debug|Any CPU
		{16408C70-078E-4322-970D-1964C9608158}.Release|Any CPU.ActiveCfg = Release|Any CPU
		{16408C70-078E-4322-970D-1964C9608158}.Release|Any CPU.Build.0 = Release|Any CPU
		{23EF103D-FA94-40EA-BB7E-F3387D15E6A1}.Debug|Any CPU.ActiveCfg = Debug|Any CPU
		{23EF103D-FA94-40EA-BB7E-F3387D15E6A1}.Debug|Any CPU.Build.0 = Debug|Any CPU
		{23EF103D-FA94-40EA-BB7E-F3387D15E6A1}.Release|Any CPU.ActiveCfg = Release|Any CPU
		{23EF103D-FA94-40EA-BB7E-F3387D15E6A1}.Release|Any CPU.Build.0 = Release|Any CPU
		{642949CD-0C5B-4596-9165-A7338DE1D88F}.Debug|Any CPU.ActiveCfg = Debug|Any CPU
		{642949CD-0C5B-4596-9165-A7338DE1D88F}.Debug|Any CPU.Build.0 = Debug|Any CPU
		{642949CD-0C5B-4596-9165-A7338DE1D88F}.Release|Any CPU.ActiveCfg = Release|Any CPU
		{642949CD-0C5B-4596-9165-A7338DE1D88F}.Release|Any CPU.Build.0 = Release|Any CPU
		{428A2391-4DEB-40AF-9591-D8BA7123429F}.Debug|Any CPU.ActiveCfg = Debug|Any CPU
		{428A2391-4DEB-40AF-9591-D8BA7123429F}.Debug|Any CPU.Build.0 = Debug|Any CPU
		{428A2391-4DEB-40AF-9591-D8BA7123429F}.Release|Any CPU.ActiveCfg = Release|Any CPU
		{428A2391-4DEB-40AF-9591-D8BA7123429F}.Release|Any CPU.Build.0 = Release|Any CPU
		{09877689-83E7-4BBB-ABE8-6DDB59E09BCA}.Debug|Any CPU.ActiveCfg = Debug|Any CPU
		{09877689-83E7-4BBB-ABE8-6DDB59E09BCA}.Debug|Any CPU.Build.0 = Debug|Any CPU
		{09877689-83E7-4BBB-ABE8-6DDB59E09BCA}.Release|Any CPU.ActiveCfg = Release|Any CPU
		{09877689-83E7-4BBB-ABE8-6DDB59E09BCA}.Release|Any CPU.Build.0 = Release|Any CPU
		{FAD42E3A-8AD4-4FF2-B94D-25921937033B}.Debug|Any CPU.ActiveCfg = Debug|Any CPU
		{FAD42E3A-8AD4-4FF2-B94D-25921937033B}.Debug|Any CPU.Build.0 = Debug|Any CPU
		{FAD42E3A-8AD4-4FF2-B94D-25921937033B}.Release|Any CPU.ActiveCfg = Release|Any CPU
		{FAD42E3A-8AD4-4FF2-B94D-25921937033B}.Release|Any CPU.Build.0 = Release|Any CPU
		{9A44D500-411B-46B9-90CB-FC220F9BB5F7}.Debug|Any CPU.ActiveCfg = Debug|Any CPU
		{9A44D500-411B-46B9-90CB-FC220F9BB5F7}.Debug|Any CPU.Build.0 = Debug|Any CPU
		{9A44D500-411B-46B9-90CB-FC220F9BB5F7}.Release|Any CPU.ActiveCfg = Release|Any CPU
		{9A44D500-411B-46B9-90CB-FC220F9BB5F7}.Release|Any CPU.Build.0 = Release|Any CPU
		{CA295F9A-5F4D-4616-992A-340A8C0A0D9A}.Debug|Any CPU.ActiveCfg = Debug|Any CPU
		{CA295F9A-5F4D-4616-992A-340A8C0A0D9A}.Debug|Any CPU.Build.0 = Debug|Any CPU
		{CA295F9A-5F4D-4616-992A-340A8C0A0D9A}.Release|Any CPU.ActiveCfg = Release|Any CPU
		{CA295F9A-5F4D-4616-992A-340A8C0A0D9A}.Release|Any CPU.Build.0 = Release|Any CPU
		{2A6D584C-D381-4405-9DDD-51D5AEF6AC2E}.Debug|Any CPU.ActiveCfg = Debug|Any CPU
		{2A6D584C-D381-4405-9DDD-51D5AEF6AC2E}.Debug|Any CPU.Build.0 = Debug|Any CPU
		{2A6D584C-D381-4405-9DDD-51D5AEF6AC2E}.Release|Any CPU.ActiveCfg = Release|Any CPU
		{2A6D584C-D381-4405-9DDD-51D5AEF6AC2E}.Release|Any CPU.Build.0 = Release|Any CPU
		{39417B68-C33C-411E-8478-DD9C081A640A}.Debug|Any CPU.ActiveCfg = Debug|Any CPU
		{39417B68-C33C-411E-8478-DD9C081A640A}.Debug|Any CPU.Build.0 = Debug|Any CPU
		{39417B68-C33C-411E-8478-DD9C081A640A}.Release|Any CPU.ActiveCfg = Release|Any CPU
		{39417B68-C33C-411E-8478-DD9C081A640A}.Release|Any CPU.Build.0 = Release|Any CPU
		{529CC802-3552-4381-8D22-872890CC6A9E}.Debug|Any CPU.ActiveCfg = Debug|Any CPU
		{529CC802-3552-4381-8D22-872890CC6A9E}.Debug|Any CPU.Build.0 = Debug|Any CPU
		{529CC802-3552-4381-8D22-872890CC6A9E}.Release|Any CPU.ActiveCfg = Release|Any CPU
		{529CC802-3552-4381-8D22-872890CC6A9E}.Release|Any CPU.Build.0 = Release|Any CPU
		{0BCBE76B-F740-44AE-8D47-5DD735EA6F3D}.Debug|Any CPU.ActiveCfg = Debug|Any CPU
		{0BCBE76B-F740-44AE-8D47-5DD735EA6F3D}.Debug|Any CPU.Build.0 = Debug|Any CPU
		{0BCBE76B-F740-44AE-8D47-5DD735EA6F3D}.Release|Any CPU.ActiveCfg = Release|Any CPU
		{0BCBE76B-F740-44AE-8D47-5DD735EA6F3D}.Release|Any CPU.Build.0 = Release|Any CPU
		{CC45D751-DEF6-47A9-BBB3-9F46AA1F2A18}.Debug|Any CPU.ActiveCfg = Debug|Any CPU
		{CC45D751-DEF6-47A9-BBB3-9F46AA1F2A18}.Debug|Any CPU.Build.0 = Debug|Any CPU
		{CC45D751-DEF6-47A9-BBB3-9F46AA1F2A18}.Release|Any CPU.ActiveCfg = Release|Any CPU
		{CC45D751-DEF6-47A9-BBB3-9F46AA1F2A18}.Release|Any CPU.Build.0 = Release|Any CPU
		{6D88ACED-9750-402F-AFDF-61A5E8478961}.Debug|Any CPU.ActiveCfg = Debug|Any CPU
		{6D88ACED-9750-402F-AFDF-61A5E8478961}.Debug|Any CPU.Build.0 = Debug|Any CPU
		{6D88ACED-9750-402F-AFDF-61A5E8478961}.Release|Any CPU.ActiveCfg = Release|Any CPU
		{6D88ACED-9750-402F-AFDF-61A5E8478961}.Release|Any CPU.Build.0 = Release|Any CPU
		{27B45834-FCB5-46FE-999A-A6B12F69ACF2}.Debug|Any CPU.ActiveCfg = Debug|Any CPU
		{27B45834-FCB5-46FE-999A-A6B12F69ACF2}.Debug|Any CPU.Build.0 = Debug|Any CPU
		{27B45834-FCB5-46FE-999A-A6B12F69ACF2}.Release|Any CPU.ActiveCfg = Release|Any CPU
		{27B45834-FCB5-46FE-999A-A6B12F69ACF2}.Release|Any CPU.Build.0 = Release|Any CPU
		{1960CAA3-ACB5-4299-8B65-F764BDFF32FC}.Debug|Any CPU.ActiveCfg = Debug|Any CPU
		{1960CAA3-ACB5-4299-8B65-F764BDFF32FC}.Debug|Any CPU.Build.0 = Debug|Any CPU
		{1960CAA3-ACB5-4299-8B65-F764BDFF32FC}.Release|Any CPU.ActiveCfg = Release|Any CPU
		{1960CAA3-ACB5-4299-8B65-F764BDFF32FC}.Release|Any CPU.Build.0 = Release|Any CPU
		{066637C7-22D8-4F1F-A2F2-ADDDC363D011}.Debug|Any CPU.ActiveCfg = Debug|Any CPU
		{066637C7-22D8-4F1F-A2F2-ADDDC363D011}.Debug|Any CPU.Build.0 = Debug|Any CPU
		{066637C7-22D8-4F1F-A2F2-ADDDC363D011}.Release|Any CPU.ActiveCfg = Release|Any CPU
		{066637C7-22D8-4F1F-A2F2-ADDDC363D011}.Release|Any CPU.Build.0 = Release|Any CPU
		{1A58B19C-8A64-4D73-947E-8BB53903949A}.Debug|Any CPU.ActiveCfg = Debug|Any CPU
		{1A58B19C-8A64-4D73-947E-8BB53903949A}.Debug|Any CPU.Build.0 = Debug|Any CPU
		{1A58B19C-8A64-4D73-947E-8BB53903949A}.Release|Any CPU.ActiveCfg = Release|Any CPU
		{1A58B19C-8A64-4D73-947E-8BB53903949A}.Release|Any CPU.Build.0 = Release|Any CPU
		{67DFA2F1-1755-4377-B3E8-3D6B8D708C93}.Debug|Any CPU.ActiveCfg = Debug|Any CPU
		{67DFA2F1-1755-4377-B3E8-3D6B8D708C93}.Debug|Any CPU.Build.0 = Debug|Any CPU
		{67DFA2F1-1755-4377-B3E8-3D6B8D708C93}.Release|Any CPU.ActiveCfg = Release|Any CPU
		{67DFA2F1-1755-4377-B3E8-3D6B8D708C93}.Release|Any CPU.Build.0 = Release|Any CPU
		{A8D82085-422F-4AC4-B140-43E2F8F36282}.Debug|Any CPU.ActiveCfg = Debug|Any CPU
		{A8D82085-422F-4AC4-B140-43E2F8F36282}.Debug|Any CPU.Build.0 = Debug|Any CPU
		{A8D82085-422F-4AC4-B140-43E2F8F36282}.Release|Any CPU.ActiveCfg = Release|Any CPU
		{A8D82085-422F-4AC4-B140-43E2F8F36282}.Release|Any CPU.Build.0 = Release|Any CPU
		{4A95D04C-E4DF-41AB-9BD6-0604C9ED450E}.Debug|Any CPU.ActiveCfg = Debug|Any CPU
		{4A95D04C-E4DF-41AB-9BD6-0604C9ED450E}.Debug|Any CPU.Build.0 = Debug|Any CPU
		{4A95D04C-E4DF-41AB-9BD6-0604C9ED450E}.Release|Any CPU.ActiveCfg = Release|Any CPU
		{4A95D04C-E4DF-41AB-9BD6-0604C9ED450E}.Release|Any CPU.Build.0 = Release|Any CPU
		{F4F1844A-08C2-48E9-882B-84FF0FF3D580}.Debug|Any CPU.ActiveCfg = Debug|Any CPU
		{F4F1844A-08C2-48E9-882B-84FF0FF3D580}.Debug|Any CPU.Build.0 = Debug|Any CPU
		{F4F1844A-08C2-48E9-882B-84FF0FF3D580}.Release|Any CPU.ActiveCfg = Release|Any CPU
		{F4F1844A-08C2-48E9-882B-84FF0FF3D580}.Release|Any CPU.Build.0 = Release|Any CPU
		{57CC62E3-FF11-4A74-AED0-6DFCF249A3AB}.Debug|Any CPU.ActiveCfg = Debug|Any CPU
		{57CC62E3-FF11-4A74-AED0-6DFCF249A3AB}.Debug|Any CPU.Build.0 = Debug|Any CPU
		{57CC62E3-FF11-4A74-AED0-6DFCF249A3AB}.Release|Any CPU.ActiveCfg = Release|Any CPU
		{57CC62E3-FF11-4A74-AED0-6DFCF249A3AB}.Release|Any CPU.Build.0 = Release|Any CPU
		{773DB266-C8B5-4102-AB8F-56E6AD1E018B}.Debug|Any CPU.ActiveCfg = Debug|Any CPU
		{773DB266-C8B5-4102-AB8F-56E6AD1E018B}.Debug|Any CPU.Build.0 = Debug|Any CPU
		{773DB266-C8B5-4102-AB8F-56E6AD1E018B}.Release|Any CPU.ActiveCfg = Release|Any CPU
		{773DB266-C8B5-4102-AB8F-56E6AD1E018B}.Release|Any CPU.Build.0 = Release|Any CPU
		{8B745884-0474-47A7-A1B8-D21F4B819075}.Debug|Any CPU.ActiveCfg = Debug|Any CPU
		{8B745884-0474-47A7-A1B8-D21F4B819075}.Debug|Any CPU.Build.0 = Debug|Any CPU
		{8B745884-0474-47A7-A1B8-D21F4B819075}.Release|Any CPU.ActiveCfg = Release|Any CPU
		{8B745884-0474-47A7-A1B8-D21F4B819075}.Release|Any CPU.Build.0 = Release|Any CPU
		{98154587-A8B7-4A69-A301-1EADC4549067}.Debug|Any CPU.ActiveCfg = Debug|Any CPU
		{98154587-A8B7-4A69-A301-1EADC4549067}.Debug|Any CPU.Build.0 = Debug|Any CPU
		{98154587-A8B7-4A69-A301-1EADC4549067}.Release|Any CPU.ActiveCfg = Release|Any CPU
		{98154587-A8B7-4A69-A301-1EADC4549067}.Release|Any CPU.Build.0 = Release|Any CPU
		{E9547AEE-D2E2-4550-B95B-DFB1C0D7FFE8}.Debug|Any CPU.ActiveCfg = Debug|Any CPU
		{E9547AEE-D2E2-4550-B95B-DFB1C0D7FFE8}.Debug|Any CPU.Build.0 = Debug|Any CPU
		{E9547AEE-D2E2-4550-B95B-DFB1C0D7FFE8}.Release|Any CPU.ActiveCfg = Release|Any CPU
		{E9547AEE-D2E2-4550-B95B-DFB1C0D7FFE8}.Release|Any CPU.Build.0 = Release|Any CPU
		{504EF63F-2C47-44FC-BB22-F199C7DF7251}.Debug|Any CPU.ActiveCfg = Debug|Any CPU
		{504EF63F-2C47-44FC-BB22-F199C7DF7251}.Debug|Any CPU.Build.0 = Debug|Any CPU
		{504EF63F-2C47-44FC-BB22-F199C7DF7251}.Release|Any CPU.ActiveCfg = Release|Any CPU
		{504EF63F-2C47-44FC-BB22-F199C7DF7251}.Release|Any CPU.Build.0 = Release|Any CPU
		{41B5195D-3C81-4501-9278-57FA95F973FD}.Debug|Any CPU.ActiveCfg = Debug|Any CPU
		{41B5195D-3C81-4501-9278-57FA95F973FD}.Debug|Any CPU.Build.0 = Debug|Any CPU
		{41B5195D-3C81-4501-9278-57FA95F973FD}.Release|Any CPU.ActiveCfg = Release|Any CPU
		{41B5195D-3C81-4501-9278-57FA95F973FD}.Release|Any CPU.Build.0 = Release|Any CPU
		{DA961B87-B9F3-4A4E-8C2B-F91101FB07CB}.Debug|Any CPU.ActiveCfg = Debug|Any CPU
		{DA961B87-B9F3-4A4E-8C2B-F91101FB07CB}.Debug|Any CPU.Build.0 = Debug|Any CPU
		{DA961B87-B9F3-4A4E-8C2B-F91101FB07CB}.Release|Any CPU.ActiveCfg = Release|Any CPU
		{DA961B87-B9F3-4A4E-8C2B-F91101FB07CB}.Release|Any CPU.Build.0 = Release|Any CPU
		{DC8CE5DD-1854-4760-99E0-D35F221ABF21}.Debug|Any CPU.ActiveCfg = Debug|Any CPU
		{DC8CE5DD-1854-4760-99E0-D35F221ABF21}.Debug|Any CPU.Build.0 = Debug|Any CPU
		{DC8CE5DD-1854-4760-99E0-D35F221ABF21}.Release|Any CPU.ActiveCfg = Release|Any CPU
		{DC8CE5DD-1854-4760-99E0-D35F221ABF21}.Release|Any CPU.Build.0 = Release|Any CPU
		{4F416B99-4123-4550-838D-118D5D525FB2}.Debug|Any CPU.ActiveCfg = Debug|Any CPU
		{4F416B99-4123-4550-838D-118D5D525FB2}.Debug|Any CPU.Build.0 = Debug|Any CPU
		{4F416B99-4123-4550-838D-118D5D525FB2}.Release|Any CPU.ActiveCfg = Release|Any CPU
		{4F416B99-4123-4550-838D-118D5D525FB2}.Release|Any CPU.Build.0 = Release|Any CPU
		{1E381765-4E97-4B5F-A5C8-B728BD48A8EA}.Debug|Any CPU.ActiveCfg = Debug|Any CPU
		{1E381765-4E97-4B5F-A5C8-B728BD48A8EA}.Debug|Any CPU.Build.0 = Debug|Any CPU
		{1E381765-4E97-4B5F-A5C8-B728BD48A8EA}.Release|Any CPU.ActiveCfg = Release|Any CPU
		{1E381765-4E97-4B5F-A5C8-B728BD48A8EA}.Release|Any CPU.Build.0 = Release|Any CPU
		{E0D91EDC-CF02-497A-9A79-FFA7419E5351}.Debug|Any CPU.ActiveCfg = Debug|Any CPU
		{E0D91EDC-CF02-497A-9A79-FFA7419E5351}.Debug|Any CPU.Build.0 = Debug|Any CPU
		{E0D91EDC-CF02-497A-9A79-FFA7419E5351}.Release|Any CPU.ActiveCfg = Release|Any CPU
		{E0D91EDC-CF02-497A-9A79-FFA7419E5351}.Release|Any CPU.Build.0 = Release|Any CPU
		{7EE61B5E-946E-4CC8-88DC-03AF7A5863BE}.Debug|Any CPU.ActiveCfg = Debug|Any CPU
		{7EE61B5E-946E-4CC8-88DC-03AF7A5863BE}.Debug|Any CPU.Build.0 = Debug|Any CPU
		{7EE61B5E-946E-4CC8-88DC-03AF7A5863BE}.Release|Any CPU.ActiveCfg = Release|Any CPU
		{7EE61B5E-946E-4CC8-88DC-03AF7A5863BE}.Release|Any CPU.Build.0 = Release|Any CPU
		{FE2DB8ED-CD32-400F-AB5C-CC79E88A3A92}.Debug|Any CPU.ActiveCfg = Debug|Any CPU
		{FE2DB8ED-CD32-400F-AB5C-CC79E88A3A92}.Debug|Any CPU.Build.0 = Debug|Any CPU
		{FE2DB8ED-CD32-400F-AB5C-CC79E88A3A92}.Release|Any CPU.ActiveCfg = Release|Any CPU
		{FE2DB8ED-CD32-400F-AB5C-CC79E88A3A92}.Release|Any CPU.Build.0 = Release|Any CPU
		{E451C1D4-E62C-4B26-9598-51E5C7E49A88}.Debug|Any CPU.ActiveCfg = Debug|Any CPU
		{E451C1D4-E62C-4B26-9598-51E5C7E49A88}.Debug|Any CPU.Build.0 = Debug|Any CPU
		{E451C1D4-E62C-4B26-9598-51E5C7E49A88}.Release|Any CPU.ActiveCfg = Release|Any CPU
		{E451C1D4-E62C-4B26-9598-51E5C7E49A88}.Release|Any CPU.Build.0 = Release|Any CPU
		{79FF3CBF-12F0-4948-94FB-B4F4DD7E9666}.Debug|Any CPU.ActiveCfg = Debug|Any CPU
		{79FF3CBF-12F0-4948-94FB-B4F4DD7E9666}.Debug|Any CPU.Build.0 = Debug|Any CPU
		{79FF3CBF-12F0-4948-94FB-B4F4DD7E9666}.Release|Any CPU.ActiveCfg = Release|Any CPU
		{79FF3CBF-12F0-4948-94FB-B4F4DD7E9666}.Release|Any CPU.Build.0 = Release|Any CPU
		{8D53011D-D67E-4BA6-9E9C-E85A0624D988}.Debug|Any CPU.ActiveCfg = Debug|Any CPU
		{8D53011D-D67E-4BA6-9E9C-E85A0624D988}.Debug|Any CPU.Build.0 = Debug|Any CPU
		{8D53011D-D67E-4BA6-9E9C-E85A0624D988}.Release|Any CPU.ActiveCfg = Release|Any CPU
		{8D53011D-D67E-4BA6-9E9C-E85A0624D988}.Release|Any CPU.Build.0 = Release|Any CPU
	EndGlobalSection
	GlobalSection(NestedProjects) = preSolution
		{B9C88CA2-123E-4D55-A931-91B0CFA08447} = {BF819FCA-A383-4283-B680-4B80B7B5CA32}
		{8285EFA4-C244-455D-94D1-86994A904BFF} = {73CA6C4E-FE60-4BEF-9902-FFA9241616F9}
		{15DCF7E1-1D36-4C21-A623-35A1D037A4DA} = {73CA6C4E-FE60-4BEF-9902-FFA9241616F9}
		{BF819FCA-A383-4283-B680-4B80B7B5CA32} = {73CA6C4E-FE60-4BEF-9902-FFA9241616F9}
		{7683BC47-3CD1-4F24-8571-EF8E61340045} = {73CA6C4E-FE60-4BEF-9902-FFA9241616F9}
		{6E3EBCF7-4BA6-4635-B242-D5812775301C} = {7683BC47-3CD1-4F24-8571-EF8E61340045}
		{AD512F03-E2F2-49A2-BA51-54845B229B9E} = {7683BC47-3CD1-4F24-8571-EF8E61340045}
		{EDDAA1F7-5B38-4932-9FCE-05486134097D} = {1943C11E-7A4A-4300-BDC1-DA333BD3EBED}
		{70E979AF-B6E2-4044-9161-91FA02A2644F} = {73CA6C4E-FE60-4BEF-9902-FFA9241616F9}
		{23EF103D-FA94-40EA-BB7E-F3387D15E6A1} = {70E979AF-B6E2-4044-9161-91FA02A2644F}
		{428A2391-4DEB-40AF-9591-D8BA7123429F} = {1943C11E-7A4A-4300-BDC1-DA333BD3EBED}
		{33B4F8C6-954D-4DB7-9B36-A361D3AE867C} = {BF819FCA-A383-4283-B680-4B80B7B5CA32}
		{9F662515-1BAD-4BCC-B8EC-184124B163C4} = {BF819FCA-A383-4283-B680-4B80B7B5CA32}
		{BCAEF60E-28CD-4315-8A95-2737F4FC18B1} = {BF819FCA-A383-4283-B680-4B80B7B5CA32}
		{16408C70-078E-4322-970D-1964C9608158} = {15DCF7E1-1D36-4C21-A623-35A1D037A4DA}
		{FAD42E3A-8AD4-4FF2-B94D-25921937033B} = {15DCF7E1-1D36-4C21-A623-35A1D037A4DA}
		{09877689-83E7-4BBB-ABE8-6DDB59E09BCA} = {15DCF7E1-1D36-4C21-A623-35A1D037A4DA}
		{61649230-BDDC-4916-BD91-76125E1297C3} = {8285EFA4-C244-455D-94D1-86994A904BFF}
		{642949CD-0C5B-4596-9165-A7338DE1D88F} = {8285EFA4-C244-455D-94D1-86994A904BFF}
		{9A44D500-411B-46B9-90CB-FC220F9BB5F7} = {15DCF7E1-1D36-4C21-A623-35A1D037A4DA}
		{2819C5EE-D36B-4BE5-95D3-80BF8869051D} = {73CA6C4E-FE60-4BEF-9902-FFA9241616F9}
		{CA295F9A-5F4D-4616-992A-340A8C0A0D9A} = {2819C5EE-D36B-4BE5-95D3-80BF8869051D}
		{2A6D584C-D381-4405-9DDD-51D5AEF6AC2E} = {2819C5EE-D36B-4BE5-95D3-80BF8869051D}
		{39417B68-C33C-411E-8478-DD9C081A640A} = {1943C11E-7A4A-4300-BDC1-DA333BD3EBED}
		{529CC802-3552-4381-8D22-872890CC6A9E} = {70E979AF-B6E2-4044-9161-91FA02A2644F}
		{0BCBE76B-F740-44AE-8D47-5DD735EA6F3D} = {70E979AF-B6E2-4044-9161-91FA02A2644F}
		{CC45D751-DEF6-47A9-BBB3-9F46AA1F2A18} = {70E979AF-B6E2-4044-9161-91FA02A2644F}
		{533DB9B2-8423-4379-9B57-AE87EC9091D0} = {73CA6C4E-FE60-4BEF-9902-FFA9241616F9}
		{6D88ACED-9750-402F-AFDF-61A5E8478961} = {533DB9B2-8423-4379-9B57-AE87EC9091D0}
		{27B45834-FCB5-46FE-999A-A6B12F69ACF2} = {533DB9B2-8423-4379-9B57-AE87EC9091D0}
		{1960CAA3-ACB5-4299-8B65-F764BDFF32FC} = {533DB9B2-8423-4379-9B57-AE87EC9091D0}
		{066637C7-22D8-4F1F-A2F2-ADDDC363D011} = {533DB9B2-8423-4379-9B57-AE87EC9091D0}
		{E4CE310E-9552-45F5-85EE-6B95A198AF92} = {73CA6C4E-FE60-4BEF-9902-FFA9241616F9}
		{1A58B19C-8A64-4D73-947E-8BB53903949A} = {E4CE310E-9552-45F5-85EE-6B95A198AF92}
		{67DFA2F1-1755-4377-B3E8-3D6B8D708C93} = {E4CE310E-9552-45F5-85EE-6B95A198AF92}
		{A8D82085-422F-4AC4-B140-43E2F8F36282} = {E4CE310E-9552-45F5-85EE-6B95A198AF92}
		{4A95D04C-E4DF-41AB-9BD6-0604C9ED450E} = {E4CE310E-9552-45F5-85EE-6B95A198AF92}
		{F4F1844A-08C2-48E9-882B-84FF0FF3D580} = {1943C11E-7A4A-4300-BDC1-DA333BD3EBED}
		{57CC62E3-FF11-4A74-AED0-6DFCF249A3AB} = {2819C5EE-D36B-4BE5-95D3-80BF8869051D}
		{406F731E-8D99-4D37-88F1-EE5D38C54662} = {73CA6C4E-FE60-4BEF-9902-FFA9241616F9}
		{773DB266-C8B5-4102-AB8F-56E6AD1E018B} = {406F731E-8D99-4D37-88F1-EE5D38C54662}
		{8B745884-0474-47A7-A1B8-D21F4B819075} = {406F731E-8D99-4D37-88F1-EE5D38C54662}
		{98154587-A8B7-4A69-A301-1EADC4549067} = {406F731E-8D99-4D37-88F1-EE5D38C54662}
		{E9547AEE-D2E2-4550-B95B-DFB1C0D7FFE8} = {406F731E-8D99-4D37-88F1-EE5D38C54662}
		{504EF63F-2C47-44FC-BB22-F199C7DF7251} = {1943C11E-7A4A-4300-BDC1-DA333BD3EBED}
		{41B5195D-3C81-4501-9278-57FA95F973FD} = {15DCF7E1-1D36-4C21-A623-35A1D037A4DA}
		{DA961B87-B9F3-4A4E-8C2B-F91101FB07CB} = {8285EFA4-C244-455D-94D1-86994A904BFF}
		{DC8CE5DD-1854-4760-99E0-D35F221ABF21} = {1943C11E-7A4A-4300-BDC1-DA333BD3EBED}
		{DC14F208-45B0-43D1-8FB8-E841A282F892} = {73CA6C4E-FE60-4BEF-9902-FFA9241616F9}
		{4F416B99-4123-4550-838D-118D5D525FB2} = {DC14F208-45B0-43D1-8FB8-E841A282F892}
		{1E381765-4E97-4B5F-A5C8-B728BD48A8EA} = {DC14F208-45B0-43D1-8FB8-E841A282F892}
		{E0D91EDC-CF02-497A-9A79-FFA7419E5351} = {DC14F208-45B0-43D1-8FB8-E841A282F892}
		{7EE61B5E-946E-4CC8-88DC-03AF7A5863BE} = {DC14F208-45B0-43D1-8FB8-E841A282F892}
		{5966231C-0B4B-42A1-BE0E-BC542904E78B} = {73CA6C4E-FE60-4BEF-9902-FFA9241616F9}
		{FE2DB8ED-CD32-400F-AB5C-CC79E88A3A92} = {5966231C-0B4B-42A1-BE0E-BC542904E78B}
		{E451C1D4-E62C-4B26-9598-51E5C7E49A88} = {5966231C-0B4B-42A1-BE0E-BC542904E78B}
		{79FF3CBF-12F0-4948-94FB-B4F4DD7E9666} = {5966231C-0B4B-42A1-BE0E-BC542904E78B}
		{8D53011D-D67E-4BA6-9E9C-E85A0624D988} = {5966231C-0B4B-42A1-BE0E-BC542904E78B}
	EndGlobalSection
EndGlobal
